
Microsoft Visual Studio Solution File, Format Version 12.00
# Visual Studio Version 17
VisualStudioVersion = 17.0.31903.59
MinimumVisualStudioVersion = 10.0.40219.1
Project("{FAE04EC0-301F-11D3-BF4B-00C04F79EFBC}") = "MikyM.Common.DataAccessLayer_Net5", "MikyM.Common.DataAccessLayer_Net5\MikyM.Common.DataAccessLayer_Net5.csproj", "{7900F2A4-0F96-42C1-BD8A-0013226ACF9B}"
EndProject
Global
	GlobalSection(SolutionConfigurationPlatforms) = preSolution
		Debug|Any CPU = Debug|Any CPU
		Release|Any CPU = Release|Any CPU
	EndGlobalSection
	GlobalSection(ProjectConfigurationPlatforms) = postSolution
		{7900F2A4-0F96-42C1-BD8A-0013226ACF9B}.Debug|Any CPU.ActiveCfg = Debug|Any CPU
		{7900F2A4-0F96-42C1-BD8A-0013226ACF9B}.Debug|Any CPU.Build.0 = Debug|Any CPU
		{7900F2A4-0F96-42C1-BD8A-0013226ACF9B}.Release|Any CPU.ActiveCfg = Release|Any CPU
		{7900F2A4-0F96-42C1-BD8A-0013226ACF9B}.Release|Any CPU.Build.0 = Release|Any CPU
	EndGlobalSection
	GlobalSection(SolutionProperties) = preSolution
		HideSolutionNode = FALSE
	EndGlobalSection
	GlobalSection(ExtensibilityGlobals) = postSolution
		SolutionGuid = {D93B5BDD-D7B8-494D-AA0F-B374D4A52DB2}
	EndGlobalSection
EndGlobal
